// !$*UTF8*$!
{
	archiveVersion = 1;
	classes = {
	};
	objectVersion = 56;
	objects = {

/* Begin PBXBuildFile section */
		2784BBC32AAB5B4F00D5845F /* RecentChatModel.swift in Sources */ = {isa = PBXBuildFile; fileRef = 2784BBC22AAB5B4F00D5845F /* RecentChatModel.swift */; };
		27CC00062AA9D35800FF38A3 /* ChatSiApp.swift in Sources */ = {isa = PBXBuildFile; fileRef = 27CC00052AA9D35800FF38A3 /* ChatSiApp.swift */; };
		27CC00082AA9D35800FF38A3 /* ContentView.swift in Sources */ = {isa = PBXBuildFile; fileRef = 27CC00072AA9D35800FF38A3 /* ContentView.swift */; };
		27CC000A2AA9D35900FF38A3 /* Assets.xcassets in Resources */ = {isa = PBXBuildFile; fileRef = 27CC00092AA9D35900FF38A3 /* Assets.xcassets */; };
		27CC000D2AA9D35900FF38A3 /* Preview Assets.xcassets in Resources */ = {isa = PBXBuildFile; fileRef = 27CC000C2AA9D35900FF38A3 /* Preview Assets.xcassets */; };
		27CC001E2AAA541C00FF38A3 /* Colors.swift in Sources */ = {isa = PBXBuildFile; fileRef = 27CC001D2AAA541C00FF38A3 /* Colors.swift */; };
		27CC00202AAA542B00FF38A3 /* ChatListView.swift in Sources */ = {isa = PBXBuildFile; fileRef = 27CC001F2AAA542B00FF38A3 /* ChatListView.swift */; };
		27CC00222AAA545B00FF38A3 /* ConversationView.swift in Sources */ = {isa = PBXBuildFile; fileRef = 27CC00212AAA545B00FF38A3 /* ConversationView.swift */; };
		27CC00242AAA54F500FF38A3 /* MessageBubbleView.swift in Sources */ = {isa = PBXBuildFile; fileRef = 27CC00232AAA54F500FF38A3 /* MessageBubbleView.swift */; };
		27CC00272AAA551600FF38A3 /* MessageField.swift in Sources */ = {isa = PBXBuildFile; fileRef = 27CC00262AAA551600FF38A3 /* MessageField.swift */; };
		27CC00292AAA555800FF38A3 /* MessageModel.swift in Sources */ = {isa = PBXBuildFile; fileRef = 27CC00282AAA555800FF38A3 /* MessageModel.swift */; };
		27CC002B2AAA555F00FF38A3 /* UserModel.swift in Sources */ = {isa = PBXBuildFile; fileRef = 27CC002A2AAA555F00FF38A3 /* UserModel.swift */; };
		27CC00332AAA5C1F00FF38A3 /* ChatListViewItem.swift in Sources */ = {isa = PBXBuildFile; fileRef = 27CC00322AAA5C1F00FF38A3 /* ChatListViewItem.swift */; };
		27CC00362AAA60EB00FF38A3 /* LoginView.swift in Sources */ = {isa = PBXBuildFile; fileRef = 27CC00352AAA60EB00FF38A3 /* LoginView.swift */; };
		27CC00382AAA60F200FF38A3 /* RegisterView.swift in Sources */ = {isa = PBXBuildFile; fileRef = 27CC00372AAA60F200FF38A3 /* RegisterView.swift */; };
		27CC003D2AAA611300FF38A3 /* FirebaseManager.swift in Sources */ = {isa = PBXBuildFile; fileRef = 27CC003C2AAA611300FF38A3 /* FirebaseManager.swift */; };
		27CC003F2AAA6B3800FF38A3 /* Route.swift in Sources */ = {isa = PBXBuildFile; fileRef = 27CC003E2AAA6B3800FF38A3 /* Route.swift */; };
		27CC00412AAA6CD300FF38A3 /* UserViewModel.swift in Sources */ = {isa = PBXBuildFile; fileRef = 27CC00402AAA6CD300FF38A3 /* UserViewModel.swift */; };
		27CC00492AAA734700FF38A3 /* GoogleService-Info.plist in Resources */ = {isa = PBXBuildFile; fileRef = 27CC00482AAA734700FF38A3 /* GoogleService-Info.plist */; };
		27CC004D2AAAB21500FF38A3 /* NewChat.swift in Sources */ = {isa = PBXBuildFile; fileRef = 27CC004C2AAAB21500FF38A3 /* NewChat.swift */; };
		27CC004F2AAAD0E000FF38A3 /* UserViewItem.swift in Sources */ = {isa = PBXBuildFile; fileRef = 27CC004E2AAAD0E000FF38A3 /* UserViewItem.swift */; };
		27CC00512AAB055000FF38A3 /* MessageViewModel.swift in Sources */ = {isa = PBXBuildFile; fileRef = 27CC00502AAB055000FF38A3 /* MessageViewModel.swift */; };
		F849BEE1F25EA7ACEC88840D /* Pods_ChatSi.framework in Frameworks */ = {isa = PBXBuildFile; fileRef = 1E16EA0DA34C9402ED954FED /* Pods_ChatSi.framework */; };
/* End PBXBuildFile section */

/* Begin PBXFileReference section */
		1E16EA0DA34C9402ED954FED /* Pods_ChatSi.framework */ = {isa = PBXFileReference; explicitFileType = wrapper.framework; includeInIndex = 0; path = Pods_ChatSi.framework; sourceTree = BUILT_PRODUCTS_DIR; };
		2784BBC22AAB5B4F00D5845F /* RecentChatModel.swift */ = {isa = PBXFileReference; lastKnownFileType = sourcecode.swift; path = RecentChatModel.swift; sourceTree = "<group>"; };
		27CC00022AA9D35800FF38A3 /* ChatSi.app */ = {isa = PBXFileReference; explicitFileType = wrapper.application; includeInIndex = 0; path = ChatSi.app; sourceTree = BUILT_PRODUCTS_DIR; };
		27CC00052AA9D35800FF38A3 /* ChatSiApp.swift */ = {isa = PBXFileReference; lastKnownFileType = sourcecode.swift; path = ChatSiApp.swift; sourceTree = "<group>"; };
		27CC00072AA9D35800FF38A3 /* ContentView.swift */ = {isa = PBXFileReference; lastKnownFileType = sourcecode.swift; path = ContentView.swift; sourceTree = "<group>"; };
		27CC00092AA9D35900FF38A3 /* Assets.xcassets */ = {isa = PBXFileReference; lastKnownFileType = folder.assetcatalog; path = Assets.xcassets; sourceTree = "<group>"; };
		27CC000C2AA9D35900FF38A3 /* Preview Assets.xcassets */ = {isa = PBXFileReference; lastKnownFileType = folder.assetcatalog; path = "Preview Assets.xcassets"; sourceTree = "<group>"; };
		27CC001D2AAA541C00FF38A3 /* Colors.swift */ = {isa = PBXFileReference; lastKnownFileType = sourcecode.swift; path = Colors.swift; sourceTree = "<group>"; };
		27CC001F2AAA542B00FF38A3 /* ChatListView.swift */ = {isa = PBXFileReference; lastKnownFileType = sourcecode.swift; path = ChatListView.swift; sourceTree = "<group>"; };
		27CC00212AAA545B00FF38A3 /* ConversationView.swift */ = {isa = PBXFileReference; lastKnownFileType = sourcecode.swift; path = ConversationView.swift; sourceTree = "<group>"; };
		27CC00232AAA54F500FF38A3 /* MessageBubbleView.swift */ = {isa = PBXFileReference; lastKnownFileType = sourcecode.swift; path = MessageBubbleView.swift; sourceTree = "<group>"; };
		27CC00262AAA551600FF38A3 /* MessageField.swift */ = {isa = PBXFileReference; lastKnownFileType = sourcecode.swift; path = MessageField.swift; sourceTree = "<group>"; };
		27CC00282AAA555800FF38A3 /* MessageModel.swift */ = {isa = PBXFileReference; lastKnownFileType = sourcecode.swift; path = MessageModel.swift; sourceTree = "<group>"; };
		27CC002A2AAA555F00FF38A3 /* UserModel.swift */ = {isa = PBXFileReference; lastKnownFileType = sourcecode.swift; path = UserModel.swift; sourceTree = "<group>"; };
		27CC00322AAA5C1F00FF38A3 /* ChatListViewItem.swift */ = {isa = PBXFileReference; lastKnownFileType = sourcecode.swift; path = ChatListViewItem.swift; sourceTree = "<group>"; };
		27CC00352AAA60EB00FF38A3 /* LoginView.swift */ = {isa = PBXFileReference; lastKnownFileType = sourcecode.swift; path = LoginView.swift; sourceTree = "<group>"; };
		27CC00372AAA60F200FF38A3 /* RegisterView.swift */ = {isa = PBXFileReference; lastKnownFileType = sourcecode.swift; path = RegisterView.swift; sourceTree = "<group>"; };
		27CC003C2AAA611300FF38A3 /* FirebaseManager.swift */ = {isa = PBXFileReference; lastKnownFileType = sourcecode.swift; path = FirebaseManager.swift; sourceTree = "<group>"; };
		27CC003E2AAA6B3800FF38A3 /* Route.swift */ = {isa = PBXFileReference; lastKnownFileType = sourcecode.swift; path = Route.swift; sourceTree = "<group>"; };
		27CC00402AAA6CD300FF38A3 /* UserViewModel.swift */ = {isa = PBXFileReference; lastKnownFileType = sourcecode.swift; path = UserViewModel.swift; sourceTree = "<group>"; };
		27CC00482AAA734700FF38A3 /* GoogleService-Info.plist */ = {isa = PBXFileReference; fileEncoding = 4; lastKnownFileType = text.plist.xml; path = "GoogleService-Info.plist"; sourceTree = "<group>"; };
		27CC004C2AAAB21500FF38A3 /* NewChat.swift */ = {isa = PBXFileReference; lastKnownFileType = sourcecode.swift; path = NewChat.swift; sourceTree = "<group>"; };
		27CC004E2AAAD0E000FF38A3 /* UserViewItem.swift */ = {isa = PBXFileReference; lastKnownFileType = sourcecode.swift; path = UserViewItem.swift; sourceTree = "<group>"; };
		27CC00502AAB055000FF38A3 /* MessageViewModel.swift */ = {isa = PBXFileReference; lastKnownFileType = sourcecode.swift; path = MessageViewModel.swift; sourceTree = "<group>"; };
		953271B968AA07A037C84EFC /* Pods-ChatSi.debug.xcconfig */ = {isa = PBXFileReference; includeInIndex = 1; lastKnownFileType = text.xcconfig; name = "Pods-ChatSi.debug.xcconfig"; path = "Target Support Files/Pods-ChatSi/Pods-ChatSi.debug.xcconfig"; sourceTree = "<group>"; };
		E058DD56CB78EF56A9FF4EE3 /* Pods-ChatSi.release.xcconfig */ = {isa = PBXFileReference; includeInIndex = 1; lastKnownFileType = text.xcconfig; name = "Pods-ChatSi.release.xcconfig"; path = "Target Support Files/Pods-ChatSi/Pods-ChatSi.release.xcconfig"; sourceTree = "<group>"; };
/* End PBXFileReference section */

/* Begin PBXFrameworksBuildPhase section */
		27CCFFFF2AA9D35800FF38A3 /* Frameworks */ = {
			isa = PBXFrameworksBuildPhase;
			buildActionMask = 2147483647;
			files = (
				F849BEE1F25EA7ACEC88840D /* Pods_ChatSi.framework in Frameworks */,
			);
			runOnlyForDeploymentPostprocessing = 0;
		};
/* End PBXFrameworksBuildPhase section */

/* Begin PBXGroup section */
		27CC00032AA9D35800FF38A3 /* Products */ = {
			isa = PBXGroup;
			children = (
				27CC00022AA9D35800FF38A3 /* ChatSi.app */,
			);
			name = Products;
			sourceTree = "<group>";
		};
		27CC00042AA9D35800FF38A3 /* ChatSi */ = {
			isa = PBXGroup;
			children = (
				27CC00462AAA730900FF38A3 /* Resources */,
				27CC001C2AAA541000FF38A3 /* Models */,
				27CC00192AAA515C00FF38A3 /* ViewModels */,
				27CC00182AAA515500FF38A3 /* Views */,
				27CC00172AAA515000FF38A3 /* Utils */,
				27CC00052AA9D35800FF38A3 /* ChatSiApp.swift */,
				27CC00072AA9D35800FF38A3 /* ContentView.swift */,
				27CC00092AA9D35900FF38A3 /* Assets.xcassets */,
				27CC000B2AA9D35900FF38A3 /* Preview Content */,
			);
			path = ChatSi;
			sourceTree = "<group>";
		};
		27CC000B2AA9D35900FF38A3 /* Preview Content */ = {
			isa = PBXGroup;
			children = (
				27CC000C2AA9D35900FF38A3 /* Preview Assets.xcassets */,
			);
			path = "Preview Content";
			sourceTree = "<group>";
		};
		27CC00172AAA515000FF38A3 /* Utils */ = {
			isa = PBXGroup;
			children = (
				27CC001D2AAA541C00FF38A3 /* Colors.swift */,
			);
			path = Utils;
			sourceTree = "<group>";
		};
		27CC00182AAA515500FF38A3 /* Views */ = {
			isa = PBXGroup;
			children = (
				27CC001B2AAA517A00FF38A3 /* Components */,
				27CC001A2AAA516500FF38A3 /* Layouts */,
				27CC003E2AAA6B3800FF38A3 /* Route.swift */,
			);
			path = Views;
			sourceTree = "<group>";
		};
		27CC00192AAA515C00FF38A3 /* ViewModels */ = {
			isa = PBXGroup;
			children = (
				27CC003C2AAA611300FF38A3 /* FirebaseManager.swift */,
				27CC00402AAA6CD300FF38A3 /* UserViewModel.swift */,
				27CC00502AAB055000FF38A3 /* MessageViewModel.swift */,
			);
			path = ViewModels;
			sourceTree = "<group>";
		};
		27CC001A2AAA516500FF38A3 /* Layouts */ = {
			isa = PBXGroup;
			children = (
				27CC004A2AAAB18F00FF38A3 /* ChatListView */,
				27CC00392AAA60F500FF38A3 /* Authentication */,
				27CC00252AAA550200FF38A3 /* ConversationView */,
			);
			path = Layouts;
			sourceTree = "<group>";
		};
		27CC001B2AAA517A00FF38A3 /* Components */ = {
			isa = PBXGroup;
			children = (
				27CC00232AAA54F500FF38A3 /* MessageBubbleView.swift */,
				27CC00322AAA5C1F00FF38A3 /* ChatListViewItem.swift */,
				27CC004E2AAAD0E000FF38A3 /* UserViewItem.swift */,
			);
			path = Components;
			sourceTree = "<group>";
		};
		27CC001C2AAA541000FF38A3 /* Models */ = {
			isa = PBXGroup;
			children = (
				27CC00282AAA555800FF38A3 /* MessageModel.swift */,
				27CC002A2AAA555F00FF38A3 /* UserModel.swift */,
				2784BBC22AAB5B4F00D5845F /* RecentChatModel.swift */,
			);
			path = Models;
			sourceTree = "<group>";
		};
		27CC00252AAA550200FF38A3 /* ConversationView */ = {
			isa = PBXGroup;
			children = (
				27CC00212AAA545B00FF38A3 /* ConversationView.swift */,
				27CC00262AAA551600FF38A3 /* MessageField.swift */,
			);
			path = ConversationView;
			sourceTree = "<group>";
		};
		27CC00392AAA60F500FF38A3 /* Authentication */ = {
			isa = PBXGroup;
			children = (
				27CC00352AAA60EB00FF38A3 /* LoginView.swift */,
				27CC00372AAA60F200FF38A3 /* RegisterView.swift */,
			);
			path = Authentication;
			sourceTree = "<group>";
		};
		27CC00462AAA730900FF38A3 /* Resources */ = {
			isa = PBXGroup;
			children = (
				27CC00472AAA731000FF38A3 /* FirebaseInfo */,
			);
			path = Resources;
			sourceTree = "<group>";
		};
		27CC00472AAA731000FF38A3 /* FirebaseInfo */ = {
			isa = PBXGroup;
			children = (
				27CC00482AAA734700FF38A3 /* GoogleService-Info.plist */,
			);
			path = FirebaseInfo;
			sourceTree = "<group>";
		};
		27CC004A2AAAB18F00FF38A3 /* ChatListView */ = {
			isa = PBXGroup;
			children = (
				27CC004B2AAAB1B800FF38A3 /* Modal */,
				27CC001F2AAA542B00FF38A3 /* ChatListView.swift */,
			);
			path = ChatListView;
			sourceTree = "<group>";
		};
		27CC004B2AAAB1B800FF38A3 /* Modal */ = {
			isa = PBXGroup;
			children = (
				27CC004C2AAAB21500FF38A3 /* NewChat.swift */,
			);
			path = Modal;
			sourceTree = "<group>";
		};
		27CCFFF92AA9D35800FF38A3 = {
			isa = PBXGroup;
			children = (
				27CC00042AA9D35800FF38A3 /* ChatSi */,
				27CC00032AA9D35800FF38A3 /* Products */,
				D8E0F4EFF9BA91B64640E933 /* Pods */,
				5D1E2962DB2C9FAC223171A1 /* Frameworks */,
			);
			sourceTree = "<group>";
		};
		5D1E2962DB2C9FAC223171A1 /* Frameworks */ = {
			isa = PBXGroup;
			children = (
				1E16EA0DA34C9402ED954FED /* Pods_ChatSi.framework */,
			);
			name = Frameworks;
			sourceTree = "<group>";
		};
		D8E0F4EFF9BA91B64640E933 /* Pods */ = {
			isa = PBXGroup;
			children = (
				953271B968AA07A037C84EFC /* Pods-ChatSi.debug.xcconfig */,
				E058DD56CB78EF56A9FF4EE3 /* Pods-ChatSi.release.xcconfig */,
			);
			path = Pods;
			sourceTree = "<group>";
		};
/* End PBXGroup section */

/* Begin PBXNativeTarget section */
		27CC00012AA9D35800FF38A3 /* ChatSi */ = {
			isa = PBXNativeTarget;
			buildConfigurationList = 27CC00102AA9D35900FF38A3 /* Build configuration list for PBXNativeTarget "ChatSi" */;
			buildPhases = (
				065C453E1C4A451989CAF915 /* [CP] Check Pods Manifest.lock */,
				27CCFFFE2AA9D35800FF38A3 /* Sources */,
				27CCFFFF2AA9D35800FF38A3 /* Frameworks */,
				27CC00002AA9D35800FF38A3 /* Resources */,
				E034C874829B4FAF64767CE1 /* [CP] Embed Pods Frameworks */,
			);
			buildRules = (
			);
			dependencies = (
			);
			name = ChatSi;
			productName = ChatSi;
			productReference = 27CC00022AA9D35800FF38A3 /* ChatSi.app */;
			productType = "com.apple.product-type.application";
		};
/* End PBXNativeTarget section */

/* Begin PBXProject section */
		27CCFFFA2AA9D35800FF38A3 /* Project object */ = {
			isa = PBXProject;
			attributes = {
				BuildIndependentTargetsInParallel = 1;
				LastSwiftUpdateCheck = 1430;
				LastUpgradeCheck = 1430;
				TargetAttributes = {
					27CC00012AA9D35800FF38A3 = {
						CreatedOnToolsVersion = 14.3.1;
					};
				};
			};
			buildConfigurationList = 27CCFFFD2AA9D35800FF38A3 /* Build configuration list for PBXProject "ChatSi" */;
			compatibilityVersion = "Xcode 14.0";
			developmentRegion = en;
			hasScannedForEncodings = 0;
			knownRegions = (
				en,
				Base,
			);
			mainGroup = 27CCFFF92AA9D35800FF38A3;
			productRefGroup = 27CC00032AA9D35800FF38A3 /* Products */;
			projectDirPath = "";
			projectRoot = "";
			targets = (
				27CC00012AA9D35800FF38A3 /* ChatSi */,
			);
		};
/* End PBXProject section */

/* Begin PBXResourcesBuildPhase section */
		27CC00002AA9D35800FF38A3 /* Resources */ = {
			isa = PBXResourcesBuildPhase;
			buildActionMask = 2147483647;
			files = (
				27CC000D2AA9D35900FF38A3 /* Preview Assets.xcassets in Resources */,
				27CC000A2AA9D35900FF38A3 /* Assets.xcassets in Resources */,
				27CC00492AAA734700FF38A3 /* GoogleService-Info.plist in Resources */,
			);
			runOnlyForDeploymentPostprocessing = 0;
		};
/* End PBXResourcesBuildPhase section */

/* Begin PBXShellScriptBuildPhase section */
		065C453E1C4A451989CAF915 /* [CP] Check Pods Manifest.lock */ = {
			isa = PBXShellScriptBuildPhase;
			buildActionMask = 2147483647;
			files = (
			);
			inputFileListPaths = (
			);
			inputPaths = (
				"${PODS_PODFILE_DIR_PATH}/Podfile.lock",
				"${PODS_ROOT}/Manifest.lock",
			);
			name = "[CP] Check Pods Manifest.lock";
			outputFileListPaths = (
			);
			outputPaths = (
				"$(DERIVED_FILE_DIR)/Pods-ChatSi-checkManifestLockResult.txt",
			);
			runOnlyForDeploymentPostprocessing = 0;
			shellPath = /bin/sh;
			shellScript = "diff \"${PODS_PODFILE_DIR_PATH}/Podfile.lock\" \"${PODS_ROOT}/Manifest.lock\" > /dev/null\nif [ $? != 0 ] ; then\n    # print error to STDERR\n    echo \"error: The sandbox is not in sync with the Podfile.lock. Run 'pod install' or update your CocoaPods installation.\" >&2\n    exit 1\nfi\n# This output is used by Xcode 'outputs' to avoid re-running this script phase.\necho \"SUCCESS\" > \"${SCRIPT_OUTPUT_FILE_0}\"\n";
			showEnvVarsInLog = 0;
		};
		E034C874829B4FAF64767CE1 /* [CP] Embed Pods Frameworks */ = {
			isa = PBXShellScriptBuildPhase;
			buildActionMask = 2147483647;
			files = (
			);
			inputFileListPaths = (
				"${PODS_ROOT}/Target Support Files/Pods-ChatSi/Pods-ChatSi-frameworks-${CONFIGURATION}-input-files.xcfilelist",
			);
			name = "[CP] Embed Pods Frameworks";
			outputFileListPaths = (
				"${PODS_ROOT}/Target Support Files/Pods-ChatSi/Pods-ChatSi-frameworks-${CONFIGURATION}-output-files.xcfilelist",
			);
			runOnlyForDeploymentPostprocessing = 0;
			shellPath = /bin/sh;
			shellScript = "\"${PODS_ROOT}/Target Support Files/Pods-ChatSi/Pods-ChatSi-frameworks.sh\"\n";
			showEnvVarsInLog = 0;
		};
/* End PBXShellScriptBuildPhase section */

/* Begin PBXSourcesBuildPhase section */
		27CCFFFE2AA9D35800FF38A3 /* Sources */ = {
			isa = PBXSourcesBuildPhase;
			buildActionMask = 2147483647;
			files = (
				27CC003D2AAA611300FF38A3 /* FirebaseManager.swift in Sources */,
				27CC00202AAA542B00FF38A3 /* ChatListView.swift in Sources */,
				2784BBC32AAB5B4F00D5845F /* RecentChatModel.swift in Sources */,
				27CC004D2AAAB21500FF38A3 /* NewChat.swift in Sources */,
				27CC00332AAA5C1F00FF38A3 /* ChatListViewItem.swift in Sources */,
				27CC00082AA9D35800FF38A3 /* ContentView.swift in Sources */,
				27CC00242AAA54F500FF38A3 /* MessageBubbleView.swift in Sources */,
				27CC003F2AAA6B3800FF38A3 /* Route.swift in Sources */,
				27CC00292AAA555800FF38A3 /* MessageModel.swift in Sources */,
				27CC00272AAA551600FF38A3 /* MessageField.swift in Sources */,
				27CC00222AAA545B00FF38A3 /* ConversationView.swift in Sources */,
				27CC00512AAB055000FF38A3 /* MessageViewModel.swift in Sources */,
				27CC001E2AAA541C00FF38A3 /* Colors.swift in Sources */,
				27CC00362AAA60EB00FF38A3 /* LoginView.swift in Sources */,
				27CC00382AAA60F200FF38A3 /* RegisterView.swift in Sources */,
				27CC002B2AAA555F00FF38A3 /* UserModel.swift in Sources */,
				27CC00412AAA6CD300FF38A3 /* UserViewModel.swift in Sources */,
				27CC00062AA9D35800FF38A3 /* ChatSiApp.swift in Sources */,
				27CC004F2AAAD0E000FF38A3 /* UserViewItem.swift in Sources */,
			);
			runOnlyForDeploymentPostprocessing = 0;
		};
/* End PBXSourcesBuildPhase section */

/* Begin XCBuildConfiguration section */
		27CC000E2AA9D35900FF38A3 /* Debug */ = {
			isa = XCBuildConfiguration;
			buildSettings = {
				ALWAYS_SEARCH_USER_PATHS = NO;
				CLANG_ANALYZER_NONNULL = YES;
				CLANG_ANALYZER_NUMBER_OBJECT_CONVERSION = YES_AGGRESSIVE;
				CLANG_CXX_LANGUAGE_STANDARD = "gnu++20";
				CLANG_ENABLE_MODULES = YES;
				CLANG_ENABLE_OBJC_ARC = YES;
				CLANG_ENABLE_OBJC_WEAK = YES;
				CLANG_WARN_BLOCK_CAPTURE_AUTORELEASING = YES;
				CLANG_WARN_BOOL_CONVERSION = YES;
				CLANG_WARN_COMMA = YES;
				CLANG_WARN_CONSTANT_CONVERSION = YES;
				CLANG_WARN_DEPRECATED_OBJC_IMPLEMENTATIONS = YES;
				CLANG_WARN_DIRECT_OBJC_ISA_USAGE = YES_ERROR;
				CLANG_WARN_DOCUMENTATION_COMMENTS = YES;
				CLANG_WARN_EMPTY_BODY = YES;
				CLANG_WARN_ENUM_CONVERSION = YES;
				CLANG_WARN_INFINITE_RECURSION = YES;
				CLANG_WARN_INT_CONVERSION = YES;
				CLANG_WARN_NON_LITERAL_NULL_CONVERSION = YES;
				CLANG_WARN_OBJC_IMPLICIT_RETAIN_SELF = YES;
				CLANG_WARN_OBJC_LITERAL_CONVERSION = YES;
				CLANG_WARN_OBJC_ROOT_CLASS = YES_ERROR;
				CLANG_WARN_QUOTED_INCLUDE_IN_FRAMEWORK_HEADER = YES;
				CLANG_WARN_RANGE_LOOP_ANALYSIS = YES;
				CLANG_WARN_STRICT_PROTOTYPES = YES;
				CLANG_WARN_SUSPICIOUS_MOVE = YES;
				CLANG_WARN_UNGUARDED_AVAILABILITY = YES_AGGRESSIVE;
				CLANG_WARN_UNREACHABLE_CODE = YES;
				CLANG_WARN__DUPLICATE_METHOD_MATCH = YES;
				COPY_PHASE_STRIP = NO;
				DEBUG_INFORMATION_FORMAT = dwarf;
				ENABLE_STRICT_OBJC_MSGSEND = YES;
				ENABLE_TESTABILITY = YES;
				GCC_C_LANGUAGE_STANDARD = gnu11;
				GCC_DYNAMIC_NO_PIC = NO;
				GCC_NO_COMMON_BLOCKS = YES;
				GCC_OPTIMIZATION_LEVEL = 0;
				GCC_PREPROCESSOR_DEFINITIONS = (
					"DEBUG=1",
					"$(inherited)",
				);
				GCC_WARN_64_TO_32_BIT_CONVERSION = YES;
				GCC_WARN_ABOUT_RETURN_TYPE = YES_ERROR;
				GCC_WARN_UNDECLARED_SELECTOR = YES;
				GCC_WARN_UNINITIALIZED_AUTOS = YES_AGGRESSIVE;
				GCC_WARN_UNUSED_FUNCTION = YES;
				GCC_WARN_UNUSED_VARIABLE = YES;
				IPHONEOS_DEPLOYMENT_TARGET = 16.4;
				MTL_ENABLE_DEBUG_INFO = INCLUDE_SOURCE;
				MTL_FAST_MATH = YES;
				ONLY_ACTIVE_ARCH = YES;
				SDKROOT = iphoneos;
				SWIFT_ACTIVE_COMPILATION_CONDITIONS = DEBUG;
				SWIFT_OPTIMIZATION_LEVEL = "-Onone";
			};
			name = Debug;
		};
		27CC000F2AA9D35900FF38A3 /* Release */ = {
			isa = XCBuildConfiguration;
			buildSettings = {
				ALWAYS_SEARCH_USER_PATHS = NO;
				CLANG_ANALYZER_NONNULL = YES;
				CLANG_ANALYZER_NUMBER_OBJECT_CONVERSION = YES_AGGRESSIVE;
				CLANG_CXX_LANGUAGE_STANDARD = "gnu++20";
				CLANG_ENABLE_MODULES = YES;
				CLANG_ENABLE_OBJC_ARC = YES;
				CLANG_ENABLE_OBJC_WEAK = YES;
				CLANG_WARN_BLOCK_CAPTURE_AUTORELEASING = YES;
				CLANG_WARN_BOOL_CONVERSION = YES;
				CLANG_WARN_COMMA = YES;
				CLANG_WARN_CONSTANT_CONVERSION = YES;
				CLANG_WARN_DEPRECATED_OBJC_IMPLEMENTATIONS = YES;
				CLANG_WARN_DIRECT_OBJC_ISA_USAGE = YES_ERROR;
				CLANG_WARN_DOCUMENTATION_COMMENTS = YES;
				CLANG_WARN_EMPTY_BODY = YES;
				CLANG_WARN_ENUM_CONVERSION = YES;
				CLANG_WARN_INFINITE_RECURSION = YES;
				CLANG_WARN_INT_CONVERSION = YES;
				CLANG_WARN_NON_LITERAL_NULL_CONVERSION = YES;
				CLANG_WARN_OBJC_IMPLICIT_RETAIN_SELF = YES;
				CLANG_WARN_OBJC_LITERAL_CONVERSION = YES;
				CLANG_WARN_OBJC_ROOT_CLASS = YES_ERROR;
				CLANG_WARN_QUOTED_INCLUDE_IN_FRAMEWORK_HEADER = YES;
				CLANG_WARN_RANGE_LOOP_ANALYSIS = YES;
				CLANG_WARN_STRICT_PROTOTYPES = YES;
				CLANG_WARN_SUSPICIOUS_MOVE = YES;
				CLANG_WARN_UNGUARDED_AVAILABILITY = YES_AGGRESSIVE;
				CLANG_WARN_UNREACHABLE_CODE = YES;
				CLANG_WARN__DUPLICATE_METHOD_MATCH = YES;
				COPY_PHASE_STRIP = NO;
				DEBUG_INFORMATION_FORMAT = "dwarf-with-dsym";
				ENABLE_NS_ASSERTIONS = NO;
				ENABLE_STRICT_OBJC_MSGSEND = YES;
				GCC_C_LANGUAGE_STANDARD = gnu11;
				GCC_NO_COMMON_BLOCKS = YES;
				GCC_WARN_64_TO_32_BIT_CONVERSION = YES;
				GCC_WARN_ABOUT_RETURN_TYPE = YES_ERROR;
				GCC_WARN_UNDECLARED_SELECTOR = YES;
				GCC_WARN_UNINITIALIZED_AUTOS = YES_AGGRESSIVE;
				GCC_WARN_UNUSED_FUNCTION = YES;
				GCC_WARN_UNUSED_VARIABLE = YES;
				IPHONEOS_DEPLOYMENT_TARGET = 16.4;
				MTL_ENABLE_DEBUG_INFO = NO;
				MTL_FAST_MATH = YES;
				SDKROOT = iphoneos;
				SWIFT_COMPILATION_MODE = wholemodule;
				SWIFT_OPTIMIZATION_LEVEL = "-O";
				VALIDATE_PRODUCT = YES;
			};
			name = Release;
		};
		27CC00112AA9D35900FF38A3 /* Debug */ = {
			isa = XCBuildConfiguration;
			baseConfigurationReference = 953271B968AA07A037C84EFC /* Pods-ChatSi.debug.xcconfig */;
			buildSettings = {
				ASSETCATALOG_COMPILER_APPICON_NAME = AppIcon;
				ASSETCATALOG_COMPILER_GLOBAL_ACCENT_COLOR_NAME = AccentColor;
				CODE_SIGN_STYLE = Automatic;
				CURRENT_PROJECT_VERSION = 1;
				DEVELOPMENT_ASSET_PATHS = "\"ChatSi/Preview Content\"";
				DEVELOPMENT_TEAM = QP38GAQ82K;
				ENABLE_PREVIEWS = YES;
				GENERATE_INFOPLIST_FILE = YES;
				INFOPLIST_KEY_UIApplicationSceneManifest_Generation = YES;
				INFOPLIST_KEY_UIApplicationSupportsIndirectInputEvents = YES;
				INFOPLIST_KEY_UILaunchScreen_Generation = YES;
				INFOPLIST_KEY_UISupportedInterfaceOrientations = UIInterfaceOrientationPortrait;
				LD_RUNPATH_SEARCH_PATHS = (
					"$(inherited)",
					"@executable_path/Frameworks",
				);
				MARKETING_VERSION = 1.0;
				PRODUCT_BUNDLE_IDENTIFIER = com.mluthfi3d.ChatSi;
				PRODUCT_NAME = "$(TARGET_NAME)";
				SUPPORTED_PLATFORMS = "iphoneos iphonesimulator";
				SUPPORTS_MACCATALYST = NO;
				SUPPORTS_MAC_DESIGNED_FOR_IPHONE_IPAD = NO;
				SWIFT_EMIT_LOC_STRINGS = YES;
				SWIFT_VERSION = 5.0;
				TARGETED_DEVICE_FAMILY = "1,2";
			};
			name = Debug;
		};
		27CC00122AA9D35900FF38A3 /* Release */ = {
			isa = XCBuildConfiguration;
			baseConfigurationReference = E058DD56CB78EF56A9FF4EE3 /* Pods-ChatSi.release.xcconfig */;
			buildSettings = {
				ASSETCATALOG_COMPILER_APPICON_NAME = AppIcon;
				ASSETCATALOG_COMPILER_GLOBAL_ACCENT_COLOR_NAME = AccentColor;
				CODE_SIGN_STYLE = Automatic;
				CURRENT_PROJECT_VERSION = 1;
				DEVELOPMENT_ASSET_PATHS = "\"ChatSi/Preview Content\"";
				DEVELOPMENT_TEAM = QP38GAQ82K;
				ENABLE_PREVIEWS = YES;
				GENERATE_INFOPLIST_FILE = YES;
				INFOPLIST_KEY_UIApplicationSceneManifest_Generation = YES;
				INFOPLIST_KEY_UIApplicationSupportsIndirectInputEvents = YES;
				INFOPLIST_KEY_UILaunchScreen_Generation = YES;
				INFOPLIST_KEY_UISupportedInterfaceOrientations = UIInterfaceOrientationPortrait;
				LD_RUNPATH_SEARCH_PATHS = (
					"$(inherited)",
					"@executable_path/Frameworks",
				);
				MARKETING_VERSION = 1.0;
				PRODUCT_BUNDLE_IDENTIFIER = com.mluthfi3d.ChatSi;
				PRODUCT_NAME = "$(TARGET_NAME)";
				SUPPORTED_PLATFORMS = "iphoneos iphonesimulator";
				SUPPORTS_MACCATALYST = NO;
				SUPPORTS_MAC_DESIGNED_FOR_IPHONE_IPAD = NO;
				SWIFT_EMIT_LOC_STRINGS = YES;
				SWIFT_VERSION = 5.0;
				TARGETED_DEVICE_FAMILY = "1,2";
			};
			name = Release;
		};
/* End XCBuildConfiguration section */

/* Begin XCConfigurationList section */
		27CC00102AA9D35900FF38A3 /* Build configuration list for PBXNativeTarget "ChatSi" */ = {
			isa = XCConfigurationList;
			buildConfigurations = (
				27CC00112AA9D35900FF38A3 /* Debug */,
				27CC00122AA9D35900FF38A3 /* Release */,
			);
			defaultConfigurationIsVisible = 0;
			defaultConfigurationName = Release;
		};
		27CCFFFD2AA9D35800FF38A3 /* Build configuration list for PBXProject "ChatSi" */ = {
			isa = XCConfigurationList;
			buildConfigurations = (
				27CC000E2AA9D35900FF38A3 /* Debug */,
				27CC000F2AA9D35900FF38A3 /* Release */,
			);
			defaultConfigurationIsVisible = 0;
			defaultConfigurationName = Release;
		};
/* End XCConfigurationList section */
	};
	rootObject = 27CCFFFA2AA9D35800FF38A3 /* Project object */;
}
